{
  "name": "astro",
  "version": "0.0.1",
  "lockfileVersion": 2,
  "requires": true,
  "packages": {
    "": {
      "version": "0.0.1",
      "dependencies": {
        "@astrouxds/astro-web-components": "^6.3.0",
        "tslib": "^2.3.0"
      },
      "peerDependencies": {
        "@angular/common": "^13.2.0",
        "@angular/core": "^13.2.0"
      }
    },
    "node_modules/@angular/common": {
      "version": "13.2.6",
      "resolved": "https://registry.npmjs.org/@angular/common/-/common-13.2.6.tgz",
      "integrity": "sha512-t4XRb9db4UeRcPs5aHNtGuXRKSvGBlTEr0zzSeoKzHD9TCaO4dSDISh9obS9hThaPuBmPKRUHN5KE1HFmqnSHg==",
      "peer": true,
      "dependencies": {
        "tslib": "^2.3.0"
      },
      "engines": {
        "node": "^12.20.0 || ^14.15.0 || >=16.10.0"
      },
      "peerDependencies": {
        "@angular/core": "13.2.6",
        "rxjs": "^6.5.3 || ^7.4.0"
      }
    },
    "node_modules/@angular/core": {
      "version": "13.2.6",
      "resolved": "https://registry.npmjs.org/@angular/core/-/core-13.2.6.tgz",
      "integrity": "sha512-ctWsxuaSO3d3afLW+wkJSyiEIA2uhaTKNps9x5wz/oZJDaUDYVa4PM4x7/UHn2bXzBjXjN9LSW8h9F31iwmcTg==",
      "peer": true,
      "dependencies": {
        "tslib": "^2.3.0"
      },
      "engines": {
        "node": "^12.20.0 || ^14.15.0 || >=16.10.0"
      },
      "peerDependencies": {
        "rxjs": "^6.5.3 || ^7.4.0",
        "zone.js": "~0.11.4"
      }
    },
    "node_modules/@astrouxds/astro-web-components": {
      "version": "6.3.0",
      "resolved": "https://registry.npmjs.org/@astrouxds/astro-web-components/-/astro-web-components-6.3.0.tgz",
      "integrity": "sha512-wkquGYSWY2K5V9j3c/1D1wDlXE7rcY0x1Ktk4mCrOnX9lJkWh7dF7BP7l3b9oP3vu7fv7QGicOLUSG1ea5ZLvQ==",
      "dependencies": {
        "@stencil/core": "~2.5.2",
        "date-fns": "~2.21.1",
        "date-fns-tz": "~1.1.4"
      }
    },
    "node_modules/@stencil/core": {
      "version": "2.5.2",
      "resolved": "https://registry.npmjs.org/@stencil/core/-/core-2.5.2.tgz",
      "integrity": "sha512-bgjPXkSzzg1WnTgVUm6m5ZzpKt602WmA/QljODAW1xVN40OHJdbGblzF/F6MFzqv2c5Cy30CB41arc8qADIdcQ==",
      "bin": {
        "stencil": "bin/stencil"
      },
      "engines": {
        "node": ">=12.10.0",
        "npm": ">=6.0.0"
      }
    },
    "node_modules/date-fns": {
      "version": "2.21.3",
      "resolved": "https://registry.npmjs.org/date-fns/-/date-fns-2.21.3.tgz",
      "integrity": "sha512-HeYdzCaFflc1i4tGbj7JKMjM4cKGYoyxwcIIkHzNgCkX8xXDNJDZXgDDVchIWpN4eQc3lH37WarduXFZJOtxfw==",
      "engines": {
        "node": ">=0.11"
      },
      "funding": {
        "type": "opencollective",
        "url": "https://opencollective.com/date-fns"
      }
    },
    "node_modules/date-fns-tz": {
      "version": "1.1.7",
      "resolved": "https://registry.npmjs.org/date-fns-tz/-/date-fns-tz-1.1.7.tgz",
      "integrity": "sha512-xfL918kXO528DJ17Sao60H07rYv5L/X0Bp6zojDssuZAR/acYETDS9PaICKAnodcO9XVHL/0bpLRGKd7kNnvcQ==",
      "peerDependencies": {
        "date-fns": ">=2.0.0-alpha.13"
      }
    },
    "node_modules/rxjs": {
      "version": "7.5.5",
      "resolved": "https://registry.npmjs.org/rxjs/-/rxjs-7.5.5.tgz",
      "integrity": "sha512-sy+H0pQofO95VDmFLzyaw9xNJU4KTRSwQIGM6+iG3SypAtCiLDzpeG8sJrNCWn2Up9km+KhkvTdbkrdy+yzZdw==",
      "peer": true,
      "dependencies": {
        "tslib": "^2.1.0"
      }
    },
    "node_modules/tslib": {
      "version": "2.3.1",
      "resolved": "https://registry.npmjs.org/tslib/-/tslib-2.3.1.tgz",
      "integrity": "sha512-77EbyPPpMz+FRFRuAFlWMtmgUWGe9UOG2Z25NqCwiIjRhOf5iKGuzSe5P2w1laq+FkRy4p+PCuVkJSGkzTEKVw=="
    },
    "node_modules/zone.js": {
      "version": "0.11.5",
      "resolved": "https://registry.npmjs.org/zone.js/-/zone.js-0.11.5.tgz",
      "integrity": "sha512-D1/7VxEuQ7xk6z/kAROe4SUbd9CzxY4zOwVGnGHerd/SgLIVU5f4esDzQUsOCeArn933BZfWMKydH7l7dPEp0g==",
      "peer": true,
      "dependencies": {
        "tslib": "^2.3.0"
      }
    }
  },
  "dependencies": {
    "@angular/common": {
      "version": "13.2.6",
      "resolved": "https://registry.npmjs.org/@angular/common/-/common-13.2.6.tgz",
      "integrity": "sha512-t4XRb9db4UeRcPs5aHNtGuXRKSvGBlTEr0zzSeoKzHD9TCaO4dSDISh9obS9hThaPuBmPKRUHN5KE1HFmqnSHg==",
      "peer": true,
      "requires": {
        "tslib": "^2.3.0"
      }
    },
    "@angular/core": {
      "version": "13.2.6",
      "resolved": "https://registry.npmjs.org/@angular/core/-/core-13.2.6.tgz",
      "integrity": "sha512-ctWsxuaSO3d3afLW+wkJSyiEIA2uhaTKNps9x5wz/oZJDaUDYVa4PM4x7/UHn2bXzBjXjN9LSW8h9F31iwmcTg==",
      "peer": true,
      "requires": {
        "tslib": "^2.3.0"
      }
    },
    "@astrouxds/astro-web-components": {
      "version": "6.3.0",
      "resolved": "https://registry.npmjs.org/@astrouxds/astro-web-components/-/astro-web-components-6.3.0.tgz",
      "integrity": "sha512-wkquGYSWY2K5V9j3c/1D1wDlXE7rcY0x1Ktk4mCrOnX9lJkWh7dF7BP7l3b9oP3vu7fv7QGicOLUSG1ea5ZLvQ==",
      "requires": {
        "@stencil/core": "~2.5.2",
        "date-fns": "~2.21.1",
        "date-fns-tz": "~1.1.4"
      }
    },
    "@stencil/core": {
      "version": "2.5.2",
      "resolved": "https://registry.npmjs.org/@stencil/core/-/core-2.5.2.tgz",
      "integrity": "sha512-bgjPXkSzzg1WnTgVUm6m5ZzpKt602WmA/QljODAW1xVN40OHJdbGblzF/F6MFzqv2c5Cy30CB41arc8qADIdcQ=="
    },
    "date-fns": {
      "version": "2.21.3",
      "resolved": "https://registry.npmjs.org/date-fns/-/date-fns-2.21.3.tgz",
      "integrity": "sha512-HeYdzCaFflc1i4tGbj7JKMjM4cKGYoyxwcIIkHzNgCkX8xXDNJDZXgDDVchIWpN4eQc3lH37WarduXFZJOtxfw=="
    },
    "date-fns-tz": {
      "version": "1.1.7",
      "resolved": "https://registry.npmjs.org/date-fns-tz/-/date-fns-tz-1.1.7.tgz",
      "integrity": "sha512-xfL918kXO528DJ17Sao60H07rYv5L/X0Bp6zojDssuZAR/acYETDS9PaICKAnodcO9XVHL/0bpLRGKd7kNnvcQ==",
      "requires": {}
    },
    "rxjs": {
      "version": "7.5.5",
      "resolved": "https://registry.npmjs.org/rxjs/-/rxjs-7.5.5.tgz",
      "integrity": "sha512-sy+H0pQofO95VDmFLzyaw9xNJU4KTRSwQIGM6+iG3SypAtCiLDzpeG8sJrNCWn2Up9km+KhkvTdbkrdy+yzZdw==",
      "peer": true,
      "requires": {
        "tslib": "^2.1.0"
      }
    },
    "tslib": {
      "version": "2.3.1",
      "resolved": "https://registry.npmjs.org/tslib/-/tslib-2.3.1.tgz",
      "integrity": "sha512-77EbyPPpMz+FRFRuAFlWMtmgUWGe9UOG2Z25NqCwiIjRhOf5iKGuzSe5P2w1laq+FkRy4p+PCuVkJSGkzTEKVw=="
    },
    "zone.js": {
      "version": "0.11.5",
      "resolved": "https://registry.npmjs.org/zone.js/-/zone.js-0.11.5.tgz",
      "integrity": "sha512-D1/7VxEuQ7xk6z/kAROe4SUbd9CzxY4zOwVGnGHerd/SgLIVU5f4esDzQUsOCeArn933BZfWMKydH7l7dPEp0g==",
      "peer": true,
      "requires": {
        "tslib": "^2.3.0"
      }
    }
  }
}
